
Microsoft Visual Studio Solution File, Format Version 12.00
# Visual Studio Version 17
VisualStudioVersion = 17.2.32516.85
MinimumVisualStudioVersion = 10.0.40219.1
Project("{888888A0-9F3D-457C-B088-3A5042F75D52}") = "Tuples", "Tuples\Tuples.pyproj", "{EF6EB4D2-F3B4-44A1-9E6A-9B27794E4BB7}"
EndProject
Global
	GlobalSection(SolutionConfigurationPlatforms) = preSolution
		Debug|Any CPU = Debug|Any CPU
		Release|Any CPU = Release|Any CPU
	EndGlobalSection
	GlobalSection(ProjectConfigurationPlatforms) = postSolution
		{EF6EB4D2-F3B4-44A1-9E6A-9B27794E4BB7}.Debug|Any CPU.ActiveCfg = Debug|Any CPU
		{EF6EB4D2-F3B4-44A1-9E6A-9B27794E4BB7}.Release|Any CPU.ActiveCfg = Release|Any CPU
	EndGlobalSection
	GlobalSection(SolutionProperties) = preSolution
		HideSolutionNode = FALSE
	EndGlobalSection
	GlobalSection(ExtensibilityGlobals) = postSolution
		SolutionGuid = {B99F987D-2E8B-4D9B-AD67-73E1A15B80F1}
	EndGlobalSection
EndGlobal
